
Microsoft Visual Studio Solution File, Format Version 12.00
# Visual Studio Version 16
VisualStudioVersion = 16.0.31624.102
MinimumVisualStudioVersion = 10.0.40219.1
Project("{FAE04EC0-301F-11D3-BF4B-00C04F79EFBC}") = "MultipleFiles-Upload-Download-aspnetcoreapi", "MultipleFiles-Upload-Download-aspnetcoreapi\MultipleFiles-Upload-Download-aspnetcoreapi.csproj", "{5922057E-EA9B-4620-A2B4-BE6A12F255AA}"
EndProject
Global
	GlobalSection(SolutionConfigurationPlatforms) = preSolution
		Debug|Any CPU = Debug|Any CPU
		Release|Any CPU = Release|Any CPU
	EndGlobalSection
	GlobalSection(ProjectConfigurationPlatforms) = postSolution
		{5922057E-EA9B-4620-A2B4-BE6A12F255AA}.Debug|Any CPU.ActiveCfg = Debug|Any CPU
		{5922057E-EA9B-4620-A2B4-BE6A12F255AA}.Debug|Any CPU.Build.0 = Debug|Any CPU
		{5922057E-EA9B-4620-A2B4-BE6A12F255AA}.Release|Any CPU.ActiveCfg = Release|Any CPU
		{5922057E-EA9B-4620-A2B4-BE6A12F255AA}.Release|Any CPU.Build.0 = Release|Any CPU
	EndGlobalSection
	GlobalSection(SolutionProperties) = preSolution
		HideSolutionNode = FALSE
	EndGlobalSection
	GlobalSection(ExtensibilityGlobals) = postSolution
		SolutionGuid = {BE3F5D36-7125-4091-9FEE-DCB0B9319069}
	EndGlobalSection
EndGlobal
